
Microsoft Visual Studio Solution File, Format Version 12.00
# Visual Studio Version 17
VisualStudioVersion = 17.5.33414.496
MinimumVisualStudioVersion = 10.0.40219.1
Project("{FAE04EC0-301F-11D3-BF4B-00C04F79EFBC}") = "Operators_Exercise_01", "Operators_Exercise_01\Operators_Exercise_01.csproj", "{7359CB9A-51B5-4789-8912-799A44139325}"
EndProject
Global
	GlobalSection(SolutionConfigurationPlatforms) = preSolution
		Debug|Any CPU = Debug|Any CPU
		Release|Any CPU = Release|Any CPU
	EndGlobalSection
	GlobalSection(ProjectConfigurationPlatforms) = postSolution
		{7359CB9A-51B5-4789-8912-799A44139325}.Debug|Any CPU.ActiveCfg = Debug|Any CPU
		{7359CB9A-51B5-4789-8912-799A44139325}.Debug|Any CPU.Build.0 = Debug|Any CPU
		{7359CB9A-51B5-4789-8912-799A44139325}.Release|Any CPU.ActiveCfg = Release|Any CPU
		{7359CB9A-51B5-4789-8912-799A44139325}.Release|Any CPU.Build.0 = Release|Any CPU
	EndGlobalSection
	GlobalSection(SolutionProperties) = preSolution
		HideSolutionNode = FALSE
	EndGlobalSection
	GlobalSection(ExtensibilityGlobals) = postSolution
		SolutionGuid = {A3E292A4-CBE0-4AAA-8162-823B1786AB1B}
	EndGlobalSection
EndGlobal
